
Microsoft Visual Studio Solution File, Format Version 12.00
# Visual Studio Version 16
VisualStudioVersion = 16.0.29326.143
MinimumVisualStudioVersion = 10.0.40219.1
Project("{FAE04EC0-301F-11D3-BF4B-00C04F79EFBC}") = "BookShop", "BookShop\BookShop.csproj", "{3A8D7A4D-0023-4A29-AFC3-39CFDB080C0B}"
EndProject
Project("{FAE04EC0-301F-11D3-BF4B-00C04F79EFBC}") = "Model", "Model\Model.csproj", "{EED4A40E-868B-4773-8EE5-6796BE87A9D4}"
EndProject
Global
	GlobalSection(SolutionConfigurationPlatforms) = preSolution
		Debug|Any CPU = Debug|Any CPU
		Release|Any CPU = Release|Any CPU
	EndGlobalSection
	GlobalSection(ProjectConfigurationPlatforms) = postSolution
		{3A8D7A4D-0023-4A29-AFC3-39CFDB080C0B}.Debug|Any CPU.ActiveCfg = Debug|Any CPU
		{3A8D7A4D-0023-4A29-AFC3-39CFDB080C0B}.Debug|Any CPU.Build.0 = Debug|Any CPU
		{3A8D7A4D-0023-4A29-AFC3-39CFDB080C0B}.Release|Any CPU.ActiveCfg = Release|Any CPU
		{3A8D7A4D-0023-4A29-AFC3-39CFDB080C0B}.Release|Any CPU.Build.0 = Release|Any CPU
		{EED4A40E-868B-4773-8EE5-6796BE87A9D4}.Debug|Any CPU.ActiveCfg = Debug|Any CPU
		{EED4A40E-868B-4773-8EE5-6796BE87A9D4}.Debug|Any CPU.Build.0 = Debug|Any CPU
		{EED4A40E-868B-4773-8EE5-6796BE87A9D4}.Release|Any CPU.ActiveCfg = Release|Any CPU
		{EED4A40E-868B-4773-8EE5-6796BE87A9D4}.Release|Any CPU.Build.0 = Release|Any CPU
	EndGlobalSection
	GlobalSection(SolutionProperties) = preSolution
		HideSolutionNode = FALSE
	EndGlobalSection
	GlobalSection(ExtensibilityGlobals) = postSolution
		SolutionGuid = {581763A6-B67D-4021-92F0-DFBDD166199F}
	EndGlobalSection
EndGlobal
